# THIS IS AN AUTOGENERATED FILE. DO NOT EDIT THIS FILE DIRECTLY.
# yarn lockfile v1


"@bugsnag/browser@^7.18.0":
  version "7.18.0"
  resolved "https://registry.yarnpkg.com/@bugsnag/browser/-/browser-7.18.0.tgz#87debfbe8ce3685bd7b9053eed56551c96f5427d"
  integrity sha512-lIdM6+mazFkkPwYSbfcBDFMLJ7++WoCuWnaVeaV3HcA7V9RHC+l5CmRSEyRatsiv2xfLPAIasTxAbCCc4WPgCg==
  dependencies:
    "@bugsnag/core" "^7.18.0"

"@bugsnag/core@^7.18.0":
  version "7.18.0"
  resolved "https://registry.yarnpkg.com/@bugsnag/core/-/core-7.18.0.tgz#67d43db24ff1da54d05a5a11931bd398e4986436"
  integrity sha512-j5YVnbrQbs2WUFnhXERPm68XooUrdNrbJISsiK5+mnbWJrdGkIw8+p5sROV72fiuuQlLtV3jiEJHlSErZggLBw==
  dependencies:
    "@bugsnag/cuid" "^3.0.0"
    "@bugsnag/safe-json-stringify" "^6.0.0"
    error-stack-parser "^2.0.3"
    iserror "0.0.2"
    stack-generator "^2.0.3"

"@bugsnag/cuid@^3.0.0":
  version "3.0.2"
  resolved "https://registry.yarnpkg.com/@bugsnag/cuid/-/cuid-3.0.2.tgz#544f8e6e7e3768c8cb618ca5c5fb1eea6aacbb7e"
  integrity sha512-cIwzC93r3PQ/INeuwtZwkZIG2K8WWN0rRLZQhu+mr48Ay+i6sEki4GYfTsflse7hZ1BeDWrNb/Q9vgY3B31xHQ==

"@bugsnag/js@^7.18.0":
  version "7.18.0"
  resolved "https://registry.yarnpkg.com/@bugsnag/js/-/js-7.18.0.tgz#48261838a893a5e452f09ea75f27ad7ad964f199"
  integrity sha512-engv7itP6E5VcqapikA/ZPgnnImxZLMRZMyu14dgld/RCjCm3XFLhGcscnN8jJkTmp366e5Xqo8Lq7y9aI6Yhw==
  dependencies:
    "@bugsnag/browser" "^7.18.0"
    "@bugsnag/node" "^7.18.0"

"@bugsnag/node@^7.18.0":
  version "7.18.0"
  resolved "https://registry.yarnpkg.com/@bugsnag/node/-/node-7.18.0.tgz#54300bb5bbece9464c601a50d72e2380183ff981"
  integrity sha512-jXFIJ3DF4AJZ16j5WsUF+Fe8zgtPdBOryRoqdNvTMWBHI6mVtTyn2clTPYjasocV9rdi9hC3cWxilLGlLacnaQ==
  dependencies:
    "@bugsnag/core" "^7.18.0"
    byline "^5.0.0"
    error-stack-parser "^2.0.2"
    iserror "^0.0.2"
    pump "^3.0.0"
    stack-generator "^2.0.3"

"@bugsnag/safe-json-stringify@^6.0.0":
  version "6.0.0"
  resolved "https://registry.yarnpkg.com/@bugsnag/safe-json-stringify/-/safe-json-stringify-6.0.0.tgz#22abdcd83e008c369902976730c34c150148a758"
  integrity sha512-htzFO1Zc57S8kgdRK9mLcPVTW1BY2ijfH7Dk2CeZmspTWKdKqSo1iwmqrq2WtRjFlo8aRZYgLX0wFrDXF/9DLA==

byline@^5.0.0:
  version "5.0.0"
  resolved "https://registry.yarnpkg.com/byline/-/byline-5.0.0.tgz#741c5216468eadc457b03410118ad77de8c1ddb1"
  integrity sha512-s6webAy+R4SR8XVuJWt2V2rGvhnrhxN+9S15GNuTK3wKPOXFF6RNc+8ug2XhH+2s4f+uudG4kUVYmYOQWL2g0Q==

end-of-stream@^1.1.0:
  version "1.4.4"
  resolved "https://registry.yarnpkg.com/end-of-stream/-/end-of-stream-1.4.4.tgz#5ae64a5f45057baf3626ec14da0ca5e4b2431eb0"
  integrity sha512-+uw1inIHVPQoaVuHzRyXd21icM+cnt4CzD5rW+NC1wjOUSTOs+Te7FOv7AhN7vS9x/oIyhLP5PR1H+phQAHu5Q==
  dependencies:
    once "^1.4.0"

error-stack-parser@^2.0.2, error-stack-parser@^2.0.3:
  version "2.1.4"
  resolved "https://registry.yarnpkg.com/error-stack-parser/-/error-stack-parser-2.1.4.tgz#229cb01cdbfa84440bfa91876285b94680188286"
  integrity sha512-Sk5V6wVazPhq5MhpO+AUxJn5x7XSXGl1R93Vn7i+zS15KDVxQijejNCrz8340/2bgLBjR9GtEG8ZVKONDjcqGQ==
  dependencies:
    stackframe "^1.3.4"

iserror@0.0.2, iserror@^0.0.2:
  version "0.0.2"
  resolved "https://registry.yarnpkg.com/iserror/-/iserror-0.0.2.tgz#bd53451fe2f668b9f2402c1966787aaa2c7c0bf5"
  integrity sha512-oKGGrFVaWwETimP3SiWwjDeY27ovZoyZPHtxblC4hCq9fXxed/jasx+ATWFFjCVSRZng8VTMsN1nDnGo6zMBSw==

lodash@4.17.21:
  version "4.17.21"
  resolved "https://registry.yarnpkg.com/lodash/-/lodash-4.17.21.tgz#679591c564c3bffaae8454cf0b3df370c3d6911c"
  integrity sha512-v2kDEe57lecTulaDIuNTPy3Ry4gLGJ6Z1O3vE1krgXZNrsQ+LFTGHVxVjcXPs17LhbZVGedAJv8XZ1tvj5FvSg==

once@^1.3.1, once@^1.4.0:
  version "1.4.0"
  resolved "https://registry.yarnpkg.com/once/-/once-1.4.0.tgz#583b1aa775961d4b113ac17d9c50baef9dd76bd1"
  integrity sha512-lNaJgI+2Q5URQBkccEKHTQOPaXdUxnZZElQTZY0MFUAuaEqe1E+Nyvgdz/aIyNi6Z9MzO5dv1H8n58/GELp3+w==
  dependencies:
    wrappy "1"

pump@^3.0.0:
  version "3.0.0"
  resolved "https://registry.yarnpkg.com/pump/-/pump-3.0.0.tgz#b4a2116815bde2f4e1ea602354e8c75565107a64"
  integrity sha512-LwZy+p3SFs1Pytd/jYct4wpv49HiYCqd9Rlc5ZVdk0V+8Yzv6jR5Blk3TRmPL1ft69TxP0IMZGJ+WPFU2BFhww==
  dependencies:
    end-of-stream "^1.1.0"
    once "^1.3.1"

stack-generator@^2.0.3:
  version "2.0.10"
  resolved "https://registry.yarnpkg.com/stack-generator/-/stack-generator-2.0.10.tgz#8ae171e985ed62287d4f1ed55a1633b3fb53bb4d"
  integrity sha512-mwnua/hkqM6pF4k8SnmZ2zfETsRUpWXREfA/goT8SLCV4iOFa4bzOX2nDipWAZFPTjLvQB82f5yaodMVhK0yJQ==
  dependencies:
    stackframe "^1.3.4"

stackframe@^1.3.4:
  version "1.3.4"
  resolved "https://registry.yarnpkg.com/stackframe/-/stackframe-1.3.4.tgz#b881a004c8c149a5e8efef37d51b16e412943310"
  integrity sha512-oeVtt7eWQS+Na6F//S4kJ2K2VbRlS9D43mAlMyVpVWovy9o+jfgH8O9agzANzaiLjclA0oYzUXEM4PurhSUChw==

uuid4@^2.0.3:
  version "2.0.3"
  resolved "https://registry.yarnpkg.com/uuid4/-/uuid4-2.0.3.tgz#241e5dfe1704a79c52e2aa40e7e581a5e7b01ab4"
  integrity sha512-CTpAkEVXMNJl2ojgtpLXHgz23dh8z81u6/HEPiQFOvBc/c2pde6TVHmH4uwY0d/GLF3tb7+VDAj4+2eJaQSdZQ==

wrappy@1:
  version "1.0.2"
  resolved "https://registry.yarnpkg.com/wrappy/-/wrappy-1.0.2.tgz#b5243d8f3ec1aa35f1364605bc0d1036e30ab69f"
  integrity sha512-l4Sp/DRseor9wL6EvV2+TuQn63dMkPjZ/sp9XkghTEbV9KlPS1xUsZ3u7/IQO4wxtcFB4bgpQPRcR3QCvezPcQ==
